// !$*UTF8*$!
{
	archiveVersion = 1;
	classes = {
	};
	objectVersion = 46;
	objects = {

/* Begin PBXBuildFile section */
		C0CCE2F51EDEE49D006CBFD6 /* main.m in Sources */ = {isa = PBXBuildFile; fileRef = C0CCE2F41EDEE49D006CBFD6 /* main.m */; };
		C0CCE2F81EDEE49D006CBFD6 /* AppDelegate.m in Sources */ = {isa = PBXBuildFile; fileRef = C0CCE2F71EDEE49D006CBFD6 /* AppDelegate.m */; };
		C0CCE2FB1EDEE49D006CBFD6 /* CheckListViewController.m in Sources */ = {isa = PBXBuildFile; fileRef = C0CCE2FA1EDEE49D006CBFD6 /* CheckListViewController.m */; };
		C0CCE2FE1EDEE49D006CBFD6 /* Main.storyboard in Resources */ = {isa = PBXBuildFile; fileRef = C0CCE2FC1EDEE49D006CBFD6 /* Main.storyboard */; };
		C0CCE3011EDEE49D006CBFD6 /* ToDoList.xcdatamodeld in Sources */ = {isa = PBXBuildFile; fileRef = C0CCE2FF1EDEE49D006CBFD6 /* ToDoList.xcdatamodeld */; };
		C0CCE3031EDEE49D006CBFD6 /* Assets.xcassets in Resources */ = {isa = PBXBuildFile; fileRef = C0CCE3021EDEE49D006CBFD6 /* Assets.xcassets */; };
		C0CCE3061EDEE49D006CBFD6 /* LaunchScreen.storyboard in Resources */ = {isa = PBXBuildFile; fileRef = C0CCE3041EDEE49D006CBFD6 /* LaunchScreen.storyboard */; };
		C0CCE3111EDEE49D006CBFD6 /* ToDoListTests.m in Sources */ = {isa = PBXBuildFile; fileRef = C0CCE3101EDEE49D006CBFD6 /* ToDoListTests.m */; };
		C0CCE31C1EDEE49D006CBFD6 /* ToDoListUITests.m in Sources */ = {isa = PBXBuildFile; fileRef = C0CCE31B1EDEE49D006CBFD6 /* ToDoListUITests.m */; };
		C0CCE32E1EDEF99D006CBFD6 /* CheckListItem.m in Sources */ = {isa = PBXBuildFile; fileRef = C0CCE32D1EDEF99D006CBFD6 /* CheckListItem.m */; };
		C0CCE3311EE1AFC6006CBFD6 /* ItemDetailViewController.m in Sources */ = {isa = PBXBuildFile; fileRef = C0CCE3301EE1AFC6006CBFD6 /* ItemDetailViewController.m */; };
		C0CCE3341EE399AC006CBFD6 /* AllListsViewController.m in Sources */ = {isa = PBXBuildFile; fileRef = C0CCE3331EE399AC006CBFD6 /* AllListsViewController.m */; };
		C0CCE3371EE39D94006CBFD6 /* CheckList.m in Sources */ = {isa = PBXBuildFile; fileRef = C0CCE3361EE39D94006CBFD6 /* CheckList.m */; };
		C0CCE33A1EE3A796006CBFD6 /* ListDetailViewController.m in Sources */ = {isa = PBXBuildFile; fileRef = C0CCE3391EE3A796006CBFD6 /* ListDetailViewController.m */; };
		C0CCE33D1EE40C74006CBFD6 /* DataModel.m in Sources */ = {isa = PBXBuildFile; fileRef = C0CCE33C1EE40C74006CBFD6 /* DataModel.m */; };
		C0CCE3401EE59219006CBFD6 /* IconPickerViewController.m in Sources */ = {isa = PBXBuildFile; fileRef = C0CCE33F1EE59219006CBFD6 /* IconPickerViewController.m */; };
		C0CCE3471EE83A05006CBFD6 /* UserNotifications.framework in Frameworks */ = {isa = PBXBuildFile; fileRef = C0CCE3461EE83A05006CBFD6 /* UserNotifications.framework */; };
/* End PBXBuildFile section */

/* Begin PBXContainerItemProxy section */
		C0CCE30D1EDEE49D006CBFD6 /* PBXContainerItemProxy */ = {
			isa = PBXContainerItemProxy;
			containerPortal = C0CCE2E81EDEE49D006CBFD6 /* Project object */;
			proxyType = 1;
			remoteGlobalIDString = C0CCE2EF1EDEE49D006CBFD6;
			remoteInfo = ToDoList;
		};
		C0CCE3181EDEE49D006CBFD6 /* PBXContainerItemProxy */ = {
			isa = PBXContainerItemProxy;
			containerPortal = C0CCE2E81EDEE49D006CBFD6 /* Project object */;
			proxyType = 1;
			remoteGlobalIDString = C0CCE2EF1EDEE49D006CBFD6;
			remoteInfo = ToDoList;
		};
/* End PBXContainerItemProxy section */

/* Begin PBXFileReference section */
		C0CCE2F01EDEE49D006CBFD6 /* ToDoList.app */ = {isa = PBXFileReference; explicitFileType = wrapper.application; includeInIndex = 0; path = ToDoList.app; sourceTree = BUILT_PRODUCTS_DIR; };
		C0CCE2F41EDEE49D006CBFD6 /* main.m */ = {isa = PBXFileReference; lastKnownFileType = sourcecode.c.objc; path = main.m; sourceTree = "<group>"; };
		C0CCE2F61EDEE49D006CBFD6 /* AppDelegate.h */ = {isa = PBXFileReference; lastKnownFileType = sourcecode.c.h; path = AppDelegate.h; sourceTree = "<group>"; };
		C0CCE2F71EDEE49D006CBFD6 /* AppDelegate.m */ = {isa = PBXFileReference; lastKnownFileType = sourcecode.c.objc; path = AppDelegate.m; sourceTree = "<group>"; };
		C0CCE2F91EDEE49D006CBFD6 /* CheckListViewController.h */ = {isa = PBXFileReference; lastKnownFileType = sourcecode.c.h; path = CheckListViewController.h; sourceTree = "<group>"; };
		C0CCE2FA1EDEE49D006CBFD6 /* CheckListViewController.m */ = {isa = PBXFileReference; lastKnownFileType = sourcecode.c.objc; path = CheckListViewController.m; sourceTree = "<group>"; };
		C0CCE2FD1EDEE49D006CBFD6 /* Base */ = {isa = PBXFileReference; lastKnownFileType = file.storyboard; name = Base; path = Base.lproj/Main.storyboard; sourceTree = "<group>"; };
		C0CCE3001EDEE49D006CBFD6 /* ToDoList.xcdatamodel */ = {isa = PBXFileReference; lastKnownFileType = wrapper.xcdatamodel; path = ToDoList.xcdatamodel; sourceTree = "<group>"; };
		C0CCE3021EDEE49D006CBFD6 /* Assets.xcassets */ = {isa = PBXFileReference; lastKnownFileType = folder.assetcatalog; path = Assets.xcassets; sourceTree = "<group>"; };
		C0CCE3051EDEE49D006CBFD6 /* Base */ = {isa = PBXFileReference; lastKnownFileType = file.storyboard; name = Base; path = Base.lproj/LaunchScreen.storyboard; sourceTree = "<group>"; };
		C0CCE3071EDEE49D006CBFD6 /* Info.plist */ = {isa = PBXFileReference; lastKnownFileType = text.plist.xml; path = Info.plist; sourceTree = "<group>"; };
		C0CCE30C1EDEE49D006CBFD6 /* ToDoListTests.xctest */ = {isa = PBXFileReference; explicitFileType = wrapper.cfbundle; includeInIndex = 0; path = ToDoListTests.xctest; sourceTree = BUILT_PRODUCTS_DIR; };
		C0CCE3101EDEE49D006CBFD6 /* ToDoListTests.m */ = {isa = PBXFileReference; lastKnownFileType = sourcecode.c.objc; path = ToDoListTests.m; sourceTree = "<group>"; };
		C0CCE3121EDEE49D006CBFD6 /* Info.plist */ = {isa = PBXFileReference; lastKnownFileType = text.plist.xml; path = Info.plist; sourceTree = "<group>"; };
		C0CCE3171EDEE49D006CBFD6 /* ToDoListUITests.xctest */ = {isa = PBXFileReference; explicitFileType = wrapper.cfbundle; includeInIndex = 0; path = ToDoListUITests.xctest; sourceTree = BUILT_PRODUCTS_DIR; };
		C0CCE31B1EDEE49D006CBFD6 /* ToDoListUITests.m */ = {isa = PBXFileReference; lastKnownFileType = sourcecode.c.objc; path = ToDoListUITests.m; sourceTree = "<group>"; };
		C0CCE31D1EDEE49D006CBFD6 /* Info.plist */ = {isa = PBXFileReference; lastKnownFileType = text.plist.xml; path = Info.plist; sourceTree = "<group>"; };
		C0CCE32C1EDEF99D006CBFD6 /* CheckListItem.h */ = {isa = PBXFileReference; fileEncoding = 4; lastKnownFileType = sourcecode.c.h; path = CheckListItem.h; sourceTree = "<group>"; };
		C0CCE32D1EDEF99D006CBFD6 /* CheckListItem.m */ = {isa = PBXFileReference; fileEncoding = 4; lastKnownFileType = sourcecode.c.objc; path = CheckListItem.m; sourceTree = "<group>"; };
		C0CCE32F1EE1AFC6006CBFD6 /* ItemDetailViewController.h */ = {isa = PBXFileReference; fileEncoding = 4; lastKnownFileType = sourcecode.c.h; path = ItemDetailViewController.h; sourceTree = "<group>"; };
		C0CCE3301EE1AFC6006CBFD6 /* ItemDetailViewController.m */ = {isa = PBXFileReference; fileEncoding = 4; lastKnownFileType = sourcecode.c.objc; path = ItemDetailViewController.m; sourceTree = "<group>"; };
		C0CCE3321EE399AC006CBFD6 /* AllListsViewController.h */ = {isa = PBXFileReference; fileEncoding = 4; lastKnownFileType = sourcecode.c.h; path = AllListsViewController.h; sourceTree = "<group>"; };
		C0CCE3331EE399AC006CBFD6 /* AllListsViewController.m */ = {isa = PBXFileReference; fileEncoding = 4; lastKnownFileType = sourcecode.c.objc; path = AllListsViewController.m; sourceTree = "<group>"; };
		C0CCE3351EE39D94006CBFD6 /* CheckList.h */ = {isa = PBXFileReference; fileEncoding = 4; lastKnownFileType = sourcecode.c.h; path = CheckList.h; sourceTree = "<group>"; };
		C0CCE3361EE39D94006CBFD6 /* CheckList.m */ = {isa = PBXFileReference; fileEncoding = 4; lastKnownFileType = sourcecode.c.objc; path = CheckList.m; sourceTree = "<group>"; };
		C0CCE3381EE3A796006CBFD6 /* ListDetailViewController.h */ = {isa = PBXFileReference; fileEncoding = 4; lastKnownFileType = sourcecode.c.h; path = ListDetailViewController.h; sourceTree = "<group>"; };
		C0CCE3391EE3A796006CBFD6 /* ListDetailViewController.m */ = {isa = PBXFileReference; fileEncoding = 4; lastKnownFileType = sourcecode.c.objc; path = ListDetailViewController.m; sourceTree = "<group>"; };
		C0CCE33B1EE40C74006CBFD6 /* DataModel.h */ = {isa = PBXFileReference; fileEncoding = 4; lastKnownFileType = sourcecode.c.h; path = DataModel.h; sourceTree = "<group>"; };
		C0CCE33C1EE40C74006CBFD6 /* DataModel.m */ = {isa = PBXFileReference; fileEncoding = 4; lastKnownFileType = sourcecode.c.objc; path = DataModel.m; sourceTree = "<group>"; };
		C0CCE33E1EE59219006CBFD6 /* IconPickerViewController.h */ = {isa = PBXFileReference; fileEncoding = 4; lastKnownFileType = sourcecode.c.h; path = IconPickerViewController.h; sourceTree = "<group>"; };
		C0CCE33F1EE59219006CBFD6 /* IconPickerViewController.m */ = {isa = PBXFileReference; fileEncoding = 4; lastKnownFileType = sourcecode.c.objc; path = IconPickerViewController.m; sourceTree = "<group>"; };
		C0CCE3421EE8393E006CBFD6 /* UserNotificationsUI.framework */ = {isa = PBXFileReference; lastKnownFileType = wrapper.framework; name = UserNotificationsUI.framework; path = System/Library/Frameworks/UserNotificationsUI.framework; sourceTree = SDKROOT; };
		C0CCE3441EE83995006CBFD6 /* NotificationCenter.framework */ = {isa = PBXFileReference; lastKnownFileType = wrapper.framework; name = NotificationCenter.framework; path = System/Library/Frameworks/NotificationCenter.framework; sourceTree = SDKROOT; };
		C0CCE3461EE83A05006CBFD6 /* UserNotifications.framework */ = {isa = PBXFileReference; lastKnownFileType = wrapper.framework; name = UserNotifications.framework; path = System/Library/Frameworks/UserNotifications.framework; sourceTree = SDKROOT; };
/* End PBXFileReference section */

/* Begin PBXFrameworksBuildPhase section */
		C0CCE2ED1EDEE49D006CBFD6 /* Frameworks */ = {
			isa = PBXFrameworksBuildPhase;
			buildActionMask = 2147483647;
			files = (
				C0CCE3471EE83A05006CBFD6 /* UserNotifications.framework in Frameworks */,
			);
			runOnlyForDeploymentPostprocessing = 0;
		};
		C0CCE3091EDEE49D006CBFD6 /* Frameworks */ = {
			isa = PBXFrameworksBuildPhase;
			buildActionMask = 2147483647;
			files = (
			);
			runOnlyForDeploymentPostprocessing = 0;
		};
		C0CCE3141EDEE49D006CBFD6 /* Frameworks */ = {
			isa = PBXFrameworksBuildPhase;
			buildActionMask = 2147483647;
			files = (
			);
			runOnlyForDeploymentPostprocessing = 0;
		};
/* End PBXFrameworksBuildPhase section */

/* Begin PBXGroup section */
		C0CCE2E71EDEE49D006CBFD6 = {
			isa = PBXGroup;
			children = (
				C0CCE2F21EDEE49D006CBFD6 /* ToDoList */,
				C0CCE30F1EDEE49D006CBFD6 /* ToDoListTests */,
				C0CCE31A1EDEE49D006CBFD6 /* ToDoListUITests */,
				C0CCE2F11EDEE49D006CBFD6 /* Products */,
				C0CCE3411EE8393D006CBFD6 /* Frameworks */,
			);
			sourceTree = "<group>";
		};
		C0CCE2F11EDEE49D006CBFD6 /* Products */ = {
			isa = PBXGroup;
			children = (
				C0CCE2F01EDEE49D006CBFD6 /* ToDoList.app */,
				C0CCE30C1EDEE49D006CBFD6 /* ToDoListTests.xctest */,
				C0CCE3171EDEE49D006CBFD6 /* ToDoListUITests.xctest */,
			);
			name = Products;
			sourceTree = "<group>";
		};
		C0CCE2F21EDEE49D006CBFD6 /* ToDoList */ = {
			isa = PBXGroup;
			children = (
				C0CCE2F61EDEE49D006CBFD6 /* AppDelegate.h */,
				C0CCE2F71EDEE49D006CBFD6 /* AppDelegate.m */,
				C0CCE2F91EDEE49D006CBFD6 /* CheckListViewController.h */,
				C0CCE2FA1EDEE49D006CBFD6 /* CheckListViewController.m */,
				C0CCE2FC1EDEE49D006CBFD6 /* Main.storyboard */,
				C0CCE3021EDEE49D006CBFD6 /* Assets.xcassets */,
				C0CCE3041EDEE49D006CBFD6 /* LaunchScreen.storyboard */,
				C0CCE3071EDEE49D006CBFD6 /* Info.plist */,
				C0CCE2FF1EDEE49D006CBFD6 /* ToDoList.xcdatamodeld */,
				C0CCE2F31EDEE49D006CBFD6 /* Supporting Files */,
				C0CCE32C1EDEF99D006CBFD6 /* CheckListItem.h */,
				C0CCE32D1EDEF99D006CBFD6 /* CheckListItem.m */,
				C0CCE32F1EE1AFC6006CBFD6 /* ItemDetailViewController.h */,
				C0CCE3301EE1AFC6006CBFD6 /* ItemDetailViewController.m */,
				C0CCE3321EE399AC006CBFD6 /* AllListsViewController.h */,
				C0CCE3331EE399AC006CBFD6 /* AllListsViewController.m */,
				C0CCE3351EE39D94006CBFD6 /* CheckList.h */,
				C0CCE3361EE39D94006CBFD6 /* CheckList.m */,
				C0CCE3381EE3A796006CBFD6 /* ListDetailViewController.h */,
				C0CCE3391EE3A796006CBFD6 /* ListDetailViewController.m */,
				C0CCE33B1EE40C74006CBFD6 /* DataModel.h */,
				C0CCE33C1EE40C74006CBFD6 /* DataModel.m */,
				C0CCE33E1EE59219006CBFD6 /* IconPickerViewController.h */,
				C0CCE33F1EE59219006CBFD6 /* IconPickerViewController.m */,
			);
			path = ToDoList;
			sourceTree = "<group>";
		};
		C0CCE2F31EDEE49D006CBFD6 /* Supporting Files */ = {
			isa = PBXGroup;
			children = (
				C0CCE2F41EDEE49D006CBFD6 /* main.m */,
			);
			name = "Supporting Files";
			sourceTree = "<group>";
		};
		C0CCE30F1EDEE49D006CBFD6 /* ToDoListTests */ = {
			isa = PBXGroup;
			children = (
				C0CCE3101EDEE49D006CBFD6 /* ToDoListTests.m */,
				C0CCE3121EDEE49D006CBFD6 /* Info.plist */,
			);
			path = ToDoListTests;
			sourceTree = "<group>";
		};
		C0CCE31A1EDEE49D006CBFD6 /* ToDoListUITests */ = {
			isa = PBXGroup;
			children = (
				C0CCE31B1EDEE49D006CBFD6 /* ToDoListUITests.m */,
				C0CCE31D1EDEE49D006CBFD6 /* Info.plist */,
			);
			path = ToDoListUITests;
			sourceTree = "<group>";
		};
		C0CCE3411EE8393D006CBFD6 /* Frameworks */ = {
			isa = PBXGroup;
			children = (
				C0CCE3461EE83A05006CBFD6 /* UserNotifications.framework */,
				C0CCE3441EE83995006CBFD6 /* NotificationCenter.framework */,
				C0CCE3421EE8393E006CBFD6 /* UserNotificationsUI.framework */,
			);
			name = Frameworks;
			sourceTree = "<group>";
		};
/* End PBXGroup section */

/* Begin PBXNativeTarget section */
		C0CCE2EF1EDEE49D006CBFD6 /* ToDoList */ = {
			isa = PBXNativeTarget;
			buildConfigurationList = C0CCE3201EDEE49D006CBFD6 /* Build configuration list for PBXNativeTarget "ToDoList" */;
			buildPhases = (
				C0CCE2EC1EDEE49D006CBFD6 /* Sources */,
				C0CCE2ED1EDEE49D006CBFD6 /* Frameworks */,
				C0CCE2EE1EDEE49D006CBFD6 /* Resources */,
			);
			buildRules = (
			);
			dependencies = (
			);
			name = ToDoList;
			productName = ToDoList;
			productReference = C0CCE2F01EDEE49D006CBFD6 /* ToDoList.app */;
			productType = "com.apple.product-type.application";
		};
		C0CCE30B1EDEE49D006CBFD6 /* ToDoListTests */ = {
			isa = PBXNativeTarget;
			buildConfigurationList = C0CCE3231EDEE49D006CBFD6 /* Build configuration list for PBXNativeTarget "ToDoListTests" */;
			buildPhases = (
				C0CCE3081EDEE49D006CBFD6 /* Sources */,
				C0CCE3091EDEE49D006CBFD6 /* Frameworks */,
				C0CCE30A1EDEE49D006CBFD6 /* Resources */,
			);
			buildRules = (
			);
			dependencies = (
				C0CCE30E1EDEE49D006CBFD6 /* PBXTargetDependency */,
			);
			name = ToDoListTests;
			productName = ToDoListTests;
			productReference = C0CCE30C1EDEE49D006CBFD6 /* ToDoListTests.xctest */;
			productType = "com.apple.product-type.bundle.unit-test";
		};
		C0CCE3161EDEE49D006CBFD6 /* ToDoListUITests */ = {
			isa = PBXNativeTarget;
			buildConfigurationList = C0CCE3261EDEE49D006CBFD6 /* Build configuration list for PBXNativeTarget "ToDoListUITests" */;
			buildPhases = (
				C0CCE3131EDEE49D006CBFD6 /* Sources */,
				C0CCE3141EDEE49D006CBFD6 /* Frameworks */,
				C0CCE3151EDEE49D006CBFD6 /* Resources */,
			);
			buildRules = (
			);
			dependencies = (
				C0CCE3191EDEE49D006CBFD6 /* PBXTargetDependency */,
			);
			name = ToDoListUITests;
			productName = ToDoListUITests;
			productReference = C0CCE3171EDEE49D006CBFD6 /* ToDoListUITests.xctest */;
			productType = "com.apple.product-type.bundle.ui-testing";
		};
/* End PBXNativeTarget section */

/* Begin PBXProject section */
		C0CCE2E81EDEE49D006CBFD6 /* Project object */ = {
			isa = PBXProject;
			attributes = {
				LastUpgradeCheck = 0830;
				ORGANIZATIONNAME = "鹏 付";
				TargetAttributes = {
					C0CCE2EF1EDEE49D006CBFD6 = {
						CreatedOnToolsVersion = 8.3.2;
						ProvisioningStyle = Automatic;
					};
					C0CCE30B1EDEE49D006CBFD6 = {
						CreatedOnToolsVersion = 8.3.2;
						ProvisioningStyle = Automatic;
						TestTargetID = C0CCE2EF1EDEE49D006CBFD6;
					};
					C0CCE3161EDEE49D006CBFD6 = {
						CreatedOnToolsVersion = 8.3.2;
						ProvisioningStyle = Automatic;
						TestTargetID = C0CCE2EF1EDEE49D006CBFD6;
					};
				};
			};
			buildConfigurationList = C0CCE2EB1EDEE49D006CBFD6 /* Build configuration list for PBXProject "ToDoList" */;
			compatibilityVersion = "Xcode 3.2";
			developmentRegion = English;
			hasScannedForEncodings = 0;
			knownRegions = (
				en,
				Base,
			);
			mainGroup = C0CCE2E71EDEE49D006CBFD6;
			productRefGroup = C0CCE2F11EDEE49D006CBFD6 /* Products */;
			projectDirPath = "";
			projectRoot = "";
			targets = (
				C0CCE2EF1EDEE49D006CBFD6 /* ToDoList */,
				C0CCE30B1EDEE49D006CBFD6 /* ToDoListTests */,
				C0CCE3161EDEE49D006CBFD6 /* ToDoListUITests */,
			);
		};
/* End PBXProject section */

/* Begin PBXResourcesBuildPhase section */
		C0CCE2EE1EDEE49D006CBFD6 /* Resources */ = {
			isa = PBXResourcesBuildPhase;
			buildActionMask = 2147483647;
			files = (
				C0CCE3061EDEE49D006CBFD6 /* LaunchScreen.storyboard in Resources */,
				C0CCE3031EDEE49D006CBFD6 /* Assets.xcassets in Resources */,
				C0CCE2FE1EDEE49D006CBFD6 /* Main.storyboard in Resources */,
			);
			runOnlyForDeploymentPostprocessing = 0;
		};
		C0CCE30A1EDEE49D006CBFD6 /* Resources */ = {
			isa = PBXResourcesBuildPhase;
			buildActionMask = 2147483647;
			files = (
			);
			runOnlyForDeploymentPostprocessing = 0;
		};
		C0CCE3151EDEE49D006CBFD6 /* Resources */ = {
			isa = PBXResourcesBuildPhase;
			buildActionMask = 2147483647;
			files = (
			);
			runOnlyForDeploymentPostprocessing = 0;
		};
/* End PBXResourcesBuildPhase section */

/* Begin PBXSourcesBuildPhase section */
		C0CCE2EC1EDEE49D006CBFD6 /* Sources */ = {
			isa = PBXSourcesBuildPhase;
			buildActionMask = 2147483647;
			files = (
				C0CCE3371EE39D94006CBFD6 /* CheckList.m in Sources */,
				C0CCE33D1EE40C74006CBFD6 /* DataModel.m in Sources */,
				C0CCE2FB1EDEE49D006CBFD6 /* CheckListViewController.m in Sources */,
				C0CCE3311EE1AFC6006CBFD6 /* ItemDetailViewController.m in Sources */,
				C0CCE2F81EDEE49D006CBFD6 /* AppDelegate.m in Sources */,
				C0CCE3401EE59219006CBFD6 /* IconPickerViewController.m in Sources */,
				C0CCE2F51EDEE49D006CBFD6 /* main.m in Sources */,
				C0CCE3341EE399AC006CBFD6 /* AllListsViewController.m in Sources */,
				C0CCE3011EDEE49D006CBFD6 /* ToDoList.xcdatamodeld in Sources */,
				C0CCE33A1EE3A796006CBFD6 /* ListDetailViewController.m in Sources */,
				C0CCE32E1EDEF99D006CBFD6 /* CheckListItem.m in Sources */,
			);
			runOnlyForDeploymentPostprocessing = 0;
		};
		C0CCE3081EDEE49D006CBFD6 /* Sources */ = {
			isa = PBXSourcesBuildPhase;
			buildActionMask = 2147483647;
			files = (
				C0CCE3111EDEE49D006CBFD6 /* ToDoListTests.m in Sources */,
			);
			runOnlyForDeploymentPostprocessing = 0;
		};
		C0CCE3131EDEE49D006CBFD6 /* Sources */ = {
			isa = PBXSourcesBuildPhase;
			buildActionMask = 2147483647;
			files = (
				C0CCE31C1EDEE49D006CBFD6 /* ToDoListUITests.m in Sources */,
			);
			runOnlyForDeploymentPostprocessing = 0;
		};
/* End PBXSourcesBuildPhase section */

/* Begin PBXTargetDependency section */
		C0CCE30E1EDEE49D006CBFD6 /* PBXTargetDependency */ = {
			isa = PBXTargetDependency;
			target = C0CCE2EF1EDEE49D006CBFD6 /* ToDoList */;
			targetProxy = C0CCE30D1EDEE49D006CBFD6 /* PBXContainerItemProxy */;
		};
		C0CCE3191EDEE49D006CBFD6 /* PBXTargetDependency */ = {
			isa = PBXTargetDependency;
			target = C0CCE2EF1EDEE49D006CBFD6 /* ToDoList */;
			targetProxy = C0CCE3181EDEE49D006CBFD6 /* PBXContainerItemProxy */;
		};
/* End PBXTargetDependency section */

/* Begin PBXVariantGroup section */
		C0CCE2FC1EDEE49D006CBFD6 /* Main.storyboard */ = {
			isa = PBXVariantGroup;
			children = (
				C0CCE2FD1EDEE49D006CBFD6 /* Base */,
			);
			name = Main.storyboard;
			sourceTree = "<group>";
		};
		C0CCE3041EDEE49D006CBFD6 /* LaunchScreen.storyboard */ = {
			isa = PBXVariantGroup;
			children = (
				C0CCE3051EDEE49D006CBFD6 /* Base */,
			);
			name = LaunchScreen.storyboard;
			sourceTree = "<group>";
		};
/* End PBXVariantGroup section */

/* Begin XCBuildConfiguration section */
		C0CCE31E1EDEE49D006CBFD6 /* Debug */ = {
			isa = XCBuildConfiguration;
			buildSettings = {
				ALWAYS_SEARCH_USER_PATHS = NO;
				CLANG_ANALYZER_NONNULL = YES;
				CLANG_ANALYZER_NUMBER_OBJECT_CONVERSION = YES_AGGRESSIVE;
				CLANG_CXX_LANGUAGE_STANDARD = "gnu++0x";
				CLANG_CXX_LIBRARY = "libc++";
				CLANG_ENABLE_MODULES = YES;
				CLANG_ENABLE_OBJC_ARC = YES;
				CLANG_WARN_BOOL_CONVERSION = YES;
				CLANG_WARN_CONSTANT_CONVERSION = YES;
				CLANG_WARN_DIRECT_OBJC_ISA_USAGE = YES_ERROR;
				CLANG_WARN_DOCUMENTATION_COMMENTS = YES;
				CLANG_WARN_EMPTY_BODY = YES;
				CLANG_WARN_ENUM_CONVERSION = YES;
				CLANG_WARN_INFINITE_RECURSION = YES;
				CLANG_WARN_INT_CONVERSION = YES;
				CLANG_WARN_OBJC_ROOT_CLASS = YES_ERROR;
				CLANG_WARN_SUSPICIOUS_MOVE = YES;
				CLANG_WARN_UNREACHABLE_CODE = YES;
				CLANG_WARN__DUPLICATE_METHOD_MATCH = YES;
				"CODE_SIGN_IDENTITY[sdk=iphoneos*]" = "iPhone Developer";
				COPY_PHASE_STRIP = NO;
				DEBUG_INFORMATION_FORMAT = dwarf;
				ENABLE_STRICT_OBJC_MSGSEND = YES;
				ENABLE_TESTABILITY = YES;
				GCC_C_LANGUAGE_STANDARD = gnu99;
				GCC_DYNAMIC_NO_PIC = NO;
				GCC_NO_COMMON_BLOCKS = YES;
				GCC_OPTIMIZATION_LEVEL = 0;
				GCC_PREPROCESSOR_DEFINITIONS = (
					"DEBUG=1",
					"$(inherited)",
				);
				GCC_WARN_64_TO_32_BIT_CONVERSION = YES;
				GCC_WARN_ABOUT_RETURN_TYPE = YES_ERROR;
				GCC_WARN_UNDECLARED_SELECTOR = YES;
				GCC_WARN_UNINITIALIZED_AUTOS = YES_AGGRESSIVE;
				GCC_WARN_UNUSED_FUNCTION = YES;
				GCC_WARN_UNUSED_VARIABLE = YES;
				IPHONEOS_DEPLOYMENT_TARGET = 10.3;
				MTL_ENABLE_DEBUG_INFO = YES;
				ONLY_ACTIVE_ARCH = YES;
				SDKROOT = iphoneos;
			};
			name = Debug;
		};
		C0CCE31F1EDEE49D006CBFD6 /* Release */ = {
			isa = XCBuildConfiguration;
			buildSettings = {
				ALWAYS_SEARCH_USER_PATHS = NO;
				CLANG_ANALYZER_NONNULL = YES;
				CLANG_ANALYZER_NUMBER_OBJECT_CONVERSION = YES_AGGRESSIVE;
				CLANG_CXX_LANGUAGE_STANDARD = "gnu++0x";
				CLANG_CXX_LIBRARY = "libc++";
				CLANG_ENABLE_MODULES = YES;
				CLANG_ENABLE_OBJC_ARC = YES;
				CLANG_WARN_BOOL_CONVERSION = YES;
				CLANG_WARN_CONSTANT_CONVERSION = YES;
				CLANG_WARN_DIRECT_OBJC_ISA_USAGE = YES_ERROR;
				CLANG_WARN_DOCUMENTATION_COMMENTS = YES;
				CLANG_WARN_EMPTY_BODY = YES;
				CLANG_WARN_ENUM_CONVERSION = YES;
				CLANG_WARN_INFINITE_RECURSION = YES;
				CLANG_WARN_INT_CONVERSION = YES;
				CLANG_WARN_OBJC_ROOT_CLASS = YES_ERROR;
				CLANG_WARN_SUSPICIOUS_MOVE = YES;
				CLANG_WARN_UNREACHABLE_CODE = YES;
				CLANG_WARN__DUPLICATE_METHOD_MATCH = YES;
				"CODE_SIGN_IDENTITY[sdk=iphoneos*]" = "iPhone Developer";
				COPY_PHASE_STRIP = NO;
				DEBUG_INFORMATION_FORMAT = "dwarf-with-dsym";
				ENABLE_NS_ASSERTIONS = NO;
				ENABLE_STRICT_OBJC_MSGSEND = YES;
				GCC_C_LANGUAGE_STANDARD = gnu99;
				GCC_NO_COMMON_BLOCKS = YES;
				GCC_WARN_64_TO_32_BIT_CONVERSION = YES;
				GCC_WARN_ABOUT_RETURN_TYPE = YES_ERROR;
				GCC_WARN_UNDECLARED_SELECTOR = YES;
				GCC_WARN_UNINITIALIZED_AUTOS = YES_AGGRESSIVE;
				GCC_WARN_UNUSED_FUNCTION = YES;
				GCC_WARN_UNUSED_VARIABLE = YES;
				IPHONEOS_DEPLOYMENT_TARGET = 10.3;
				MTL_ENABLE_DEBUG_INFO = NO;
				SDKROOT = iphoneos;
				VALIDATE_PRODUCT = YES;
			};
			name = Release;
		};
		C0CCE3211EDEE49D006CBFD6 /* Debug */ = {
			isa = XCBuildConfiguration;
			buildSettings = {
				ASSETCATALOG_COMPILER_APPICON_NAME = AppIcon;
				INFOPLIST_FILE = ToDoList/Info.plist;
				IPHONEOS_DEPLOYMENT_TARGET = 10.0;
				LD_RUNPATH_SEARCH_PATHS = "$(inherited) @executable_path/Frameworks";
				PRODUCT_BUNDLE_IDENTIFIER = com.popfu.ToDoList;
				PRODUCT_NAME = "$(TARGET_NAME)";
			};
			name = Debug;
		};
		C0CCE3221EDEE49D006CBFD6 /* Release */ = {
			isa = XCBuildConfiguration;
			buildSettings = {
				ASSETCATALOG_COMPILER_APPICON_NAME = AppIcon;
				INFOPLIST_FILE = ToDoList/Info.plist;
				IPHONEOS_DEPLOYMENT_TARGET = 10.0;
				LD_RUNPATH_SEARCH_PATHS = "$(inherited) @executable_path/Frameworks";
				PRODUCT_BUNDLE_IDENTIFIER = com.popfu.ToDoList;
				PRODUCT_NAME = "$(TARGET_NAME)";
			};
			name = Release;
		};
		C0CCE3241EDEE49D006CBFD6 /* Debug */ = {
			isa = XCBuildConfiguration;
			buildSettings = {
				BUNDLE_LOADER = "$(TEST_HOST)";
				INFOPLIST_FILE = ToDoListTests/Info.plist;
				LD_RUNPATH_SEARCH_PATHS = "$(inherited) @executable_path/Frameworks @loader_path/Frameworks";
				PRODUCT_BUNDLE_IDENTIFIER = com.popfu.ToDoListTests;
				PRODUCT_NAME = "$(TARGET_NAME)";
				TEST_HOST = "$(BUILT_PRODUCTS_DIR)/ToDoList.app/ToDoList";
			};
			name = Debug;
		};
		C0CCE3251EDEE49D006CBFD6 /* Release */ = {
			isa = XCBuildConfiguration;
			buildSettings = {
				BUNDLE_LOADER = "$(TEST_HOST)";
				INFOPLIST_FILE = ToDoListTests/Info.plist;
				LD_RUNPATH_SEARCH_PATHS = "$(inherited) @executable_path/Frameworks @loader_path/Frameworks";
				PRODUCT_BUNDLE_IDENTIFIER = com.popfu.ToDoListTests;
				PRODUCT_NAME = "$(TARGET_NAME)";
				TEST_HOST = "$(BUILT_PRODUCTS_DIR)/ToDoList.app/ToDoList";
			};
			name = Release;
		};
		C0CCE3271EDEE49D006CBFD6 /* Debug */ = {
			isa = XCBuildConfiguration;
			buildSettings = {
				INFOPLIST_FILE = ToDoListUITests/Info.plist;
				LD_RUNPATH_SEARCH_PATHS = "$(inherited) @executable_path/Frameworks @loader_path/Frameworks";
				PRODUCT_BUNDLE_IDENTIFIER = com.popfu.ToDoListUITests;
				PRODUCT_NAME = "$(TARGET_NAME)";
				TEST_TARGET_NAME = ToDoList;
			};
			name = Debug;
		};
		C0CCE3281EDEE49D006CBFD6 /* Release */ = {
			isa = XCBuildConfiguration;
			buildSettings = {
				INFOPLIST_FILE = ToDoListUITests/Info.plist;
				LD_RUNPATH_SEARCH_PATHS = "$(inherited) @executable_path/Frameworks @loader_path/Frameworks";
				PRODUCT_BUNDLE_IDENTIFIER = com.popfu.ToDoListUITests;
				PRODUCT_NAME = "$(TARGET_NAME)";
				TEST_TARGET_NAME = ToDoList;
			};
			name = Release;
		};
/* End XCBuildConfiguration section */

/* Begin XCConfigurationList section */
		C0CCE2EB1EDEE49D006CBFD6 /* Build configuration list for PBXProject "ToDoList" */ = {
			isa = XCConfigurationList;
			buildConfigurations = (
				C0CCE31E1EDEE49D006CBFD6 /* Debug */,
				C0CCE31F1EDEE49D006CBFD6 /* Release */,
			);
			defaultConfigurationIsVisible = 0;
			defaultConfigurationName = Release;
		};
		C0CCE3201EDEE49D006CBFD6 /* Build configuration list for PBXNativeTarget "ToDoList" */ = {
			isa = XCConfigurationList;
			buildConfigurations = (
				C0CCE3211EDEE49D006CBFD6 /* Debug */,
				C0CCE3221EDEE49D006CBFD6 /* Release */,
			);
			defaultConfigurationIsVisible = 0;
			defaultConfigurationName = Release;
		};
		C0CCE3231EDEE49D006CBFD6 /* Build configuration list for PBXNativeTarget "ToDoListTests" */ = {
			isa = XCConfigurationList;
			buildConfigurations = (
				C0CCE3241EDEE49D006CBFD6 /* Debug */,
				C0CCE3251EDEE49D006CBFD6 /* Release */,
			);
			defaultConfigurationIsVisible = 0;
			defaultConfigurationName = Release;
		};
		C0CCE3261EDEE49D006CBFD6 /* Build configuration list for PBXNativeTarget "ToDoListUITests" */ = {
			isa = XCConfigurationList;
			buildConfigurations = (
				C0CCE3271EDEE49D006CBFD6 /* Debug */,
				C0CCE3281EDEE49D006CBFD6 /* Release */,
			);
			defaultConfigurationIsVisible = 0;
			defaultConfigurationName = Release;
		};
/* End XCConfigurationList section */

/* Begin XCVersionGroup section */
		C0CCE2FF1EDEE49D006CBFD6 /* ToDoList.xcdatamodeld */ = {
			isa = XCVersionGroup;
			children = (
				C0CCE3001EDEE49D006CBFD6 /* ToDoList.xcdatamodel */,
			);
			currentVersion = C0CCE3001EDEE49D006CBFD6 /* ToDoList.xcdatamodel */;
			path = ToDoList.xcdatamodeld;
			sourceTree = "<group>";
			versionGroupType = wrapper.xcdatamodel;
		};
/* End XCVersionGroup section */
	};
	rootObject = C0CCE2E81EDEE49D006CBFD6 /* Project object */;
}
